
Microsoft Visual Studio Solution File, Format Version 12.00
# Visual Studio Version 16
VisualStudioVersion = 16.0.29503.13
MinimumVisualStudioVersion = 10.0.40219.1
Project("{FAE04EC0-301F-11D3-BF4B-00C04F79EFBC}") = "MailKitTest", "MailKitTest\MailKitTest.csproj", "{90B0B569-7AF6-4AC7-9E27-82295E95E7FB}"
EndProject
Global
	GlobalSection(SolutionConfigurationPlatforms) = preSolution
		Debug|Any CPU = Debug|Any CPU
		Release|Any CPU = Release|Any CPU
	EndGlobalSection
	GlobalSection(ProjectConfigurationPlatforms) = postSolution
		{90B0B569-7AF6-4AC7-9E27-82295E95E7FB}.Debug|Any CPU.ActiveCfg = Debug|Any CPU
		{90B0B569-7AF6-4AC7-9E27-82295E95E7FB}.Debug|Any CPU.Build.0 = Debug|Any CPU
		{90B0B569-7AF6-4AC7-9E27-82295E95E7FB}.Release|Any CPU.ActiveCfg = Release|Any CPU
		{90B0B569-7AF6-4AC7-9E27-82295E95E7FB}.Release|Any CPU.Build.0 = Release|Any CPU
	EndGlobalSection
	GlobalSection(SolutionProperties) = preSolution
		HideSolutionNode = FALSE
	EndGlobalSection
	GlobalSection(ExtensibilityGlobals) = postSolution
		SolutionGuid = {025D6AA7-C749-4511-8059-EC7A52BF1AD4}
	EndGlobalSection
EndGlobal
