
Microsoft Visual Studio Solution File, Format Version 12.00
# Visual Studio Version 16
VisualStudioVersion = 16.0.29503.13
MinimumVisualStudioVersion = 10.0.40219.1
Project("{FAE04EC0-301F-11D3-BF4B-00C04F79EFBC}") = "HtmlCrawlerTest", "HtmlCrawlerTest\HtmlCrawlerTest.csproj", "{ABC49ED5-7F38-4C0B-B47B-DAAFAD133AC0}"
EndProject
Global
	GlobalSection(SolutionConfigurationPlatforms) = preSolution
		Debug|Any CPU = Debug|Any CPU
		Release|Any CPU = Release|Any CPU
	EndGlobalSection
	GlobalSection(ProjectConfigurationPlatforms) = postSolution
		{ABC49ED5-7F38-4C0B-B47B-DAAFAD133AC0}.Debug|Any CPU.ActiveCfg = Debug|Any CPU
		{ABC49ED5-7F38-4C0B-B47B-DAAFAD133AC0}.Debug|Any CPU.Build.0 = Debug|Any CPU
		{ABC49ED5-7F38-4C0B-B47B-DAAFAD133AC0}.Release|Any CPU.ActiveCfg = Release|Any CPU
		{ABC49ED5-7F38-4C0B-B47B-DAAFAD133AC0}.Release|Any CPU.Build.0 = Release|Any CPU
	EndGlobalSection
	GlobalSection(SolutionProperties) = preSolution
		HideSolutionNode = FALSE
	EndGlobalSection
	GlobalSection(ExtensibilityGlobals) = postSolution
		SolutionGuid = {56A2F36C-0152-4154-A3F6-16D745F52959}
	EndGlobalSection
EndGlobal
